{
  "version": 4,
  "terraform_version": "0.12.21",
  "serial": 970,
  "lineage": "67ce16b0-ff97-4d5f-bda0-0952ef6139df",
  "outputs": {},
  "resources": [
    {
      "mode": "data",
      "type": "digitalocean_ssh_key",
      "name": "malikiah",
      "provider": "provider.digitalocean",
      "instances": [
        {
          "schema_version": 0,
          "attributes": {
            "fingerprint": "05:ea:d9:de:d0:26:e0:3a:22:da:58:d6:1b:de:ef:aa",
            "id": "26681624",
            "name": "malikiah",
            "public_key": "ssh-rsa AAAAB3NzaC1yc2EAAAADAQABAAACAQC23V501EGqEiOv9PKi74QZIY6nMFzDaiLJs/YXIc8+IxqnjF73ZlyMBCLME4kzHq1Hnea0QHuxWP3qNgcFHF64WW0j4ClCg2qYDlrTzvjuk+qY3uRGURsMCYwl3rU+6nSBn21S+bF0iIsHqufvfDbdyvZyZbkmLAl/rh+w/qkykp/8Vnf8GhLEjvQwIed+xQzctTw90MW4BLJlbJmLSG2QYI00N8wAPYhNr0aj5t/nvwf60pJo3rbpCFc8janaoZ6AZlZ0Z3gVM5ceoZW5u5JOYpx7SGfOjFj8VKkLNZG40BkndyyaMoE6j+ZTEQO7AiBpS3jFQudwDJXeXD3hGfqafRfNmMhXz7ycXsgHcQtEGI94AulbbINLZYph/69o8sl39/ze9K7GlpeGONW7kyUrQEs/fNkdHtdQ6FutLNPLLmfErGzU9BYjMZMsSkMNhHQyXmPhYyqKNQIdhFTNPJL0VEQTXjzG+LrshXc7iSQwV4/dUutCSSutJC+UoYh5wNzp4ozegHjlMJmGWlOJm5e/iWZBwnnjL2z2rNhB0xAV2u2fWd8CaU2mUlQyXYQhiNkWyQmTngp0LyNywp4aVx5P/4XQXAERhlP1EOoXPCO3mHZszwUegYXAhj/qQqb65SwPkkUmv3Eg0mw1kIsP+p4l+0Axx00y47khOS9zVDEAGQ=="
          }
        }
      ]
    },
    {
      "module": "module.nfs",
      "mode": "data",
      "type": "digitalocean_ssh_key",
      "name": "malikiah",
      "provider": "module.nfs.provider.digitalocean",
      "instances": [
        {
          "schema_version": 0,
          "attributes": {
            "fingerprint": "05:ea:d9:de:d0:26:e0:3a:22:da:58:d6:1b:de:ef:aa",
            "id": "26681624",
            "name": "malikiah",
            "public_key": "ssh-rsa AAAAB3NzaC1yc2EAAAADAQABAAACAQC23V501EGqEiOv9PKi74QZIY6nMFzDaiLJs/YXIc8+IxqnjF73ZlyMBCLME4kzHq1Hnea0QHuxWP3qNgcFHF64WW0j4ClCg2qYDlrTzvjuk+qY3uRGURsMCYwl3rU+6nSBn21S+bF0iIsHqufvfDbdyvZyZbkmLAl/rh+w/qkykp/8Vnf8GhLEjvQwIed+xQzctTw90MW4BLJlbJmLSG2QYI00N8wAPYhNr0aj5t/nvwf60pJo3rbpCFc8janaoZ6AZlZ0Z3gVM5ceoZW5u5JOYpx7SGfOjFj8VKkLNZG40BkndyyaMoE6j+ZTEQO7AiBpS3jFQudwDJXeXD3hGfqafRfNmMhXz7ycXsgHcQtEGI94AulbbINLZYph/69o8sl39/ze9K7GlpeGONW7kyUrQEs/fNkdHtdQ6FutLNPLLmfErGzU9BYjMZMsSkMNhHQyXmPhYyqKNQIdhFTNPJL0VEQTXjzG+LrshXc7iSQwV4/dUutCSSutJC+UoYh5wNzp4ozegHjlMJmGWlOJm5e/iWZBwnnjL2z2rNhB0xAV2u2fWd8CaU2mUlQyXYQhiNkWyQmTngp0LyNywp4aVx5P/4XQXAERhlP1EOoXPCO3mHZszwUegYXAhj/qQqb65SwPkkUmv3Eg0mw1kIsP+p4l+0Axx00y47khOS9zVDEAGQ=="
          }
        }
      ]
    },
    {
      "mode": "data",
      "type": "digitalocean_volume",
      "name": "nfs-volume-sfo2-01",
      "provider": "provider.digitalocean",
      "instances": [
        {
          "schema_version": 0,
          "attributes": {
            "description": null,
            "droplet_ids": [
              193896604
            ],
            "filesystem_label": null,
            "filesystem_type": "ext4",
            "id": "462d1c35-7372-11ea-9c7b-0a58ac1422d3",
            "name": "nfs-volume-sfo2-01",
            "region": "sfo2",
            "size": 10,
            "tags": [],
            "urn": "do:volume:462d1c35-7372-11ea-9c7b-0a58ac1422d3"
          }
        }
      ]
    },
    {
      "module": "module.nfs",
      "mode": "data",
      "type": "digitalocean_volume",
      "name": "nfs-volume-sfo2-01",
      "provider": "module.nfs.provider.digitalocean",
      "instances": [
        {
          "schema_version": 0,
          "attributes": {
            "description": null,
            "droplet_ids": [
              193896604
            ],
            "filesystem_label": null,
            "filesystem_type": "ext4",
            "id": "462d1c35-7372-11ea-9c7b-0a58ac1422d3",
            "name": "nfs-volume-sfo2-01",
            "region": "sfo2",
            "size": 10,
            "tags": [],
            "urn": "do:volume:462d1c35-7372-11ea-9c7b-0a58ac1422d3"
          }
        }
      ]
    },
    {
      "mode": "data",
      "type": "template_file",
      "name": "inventory",
      "provider": "provider.template",
      "instances": [
        {
          "schema_version": 0,
          "attributes": {
            "filename": null,
            "id": "b06bb41b8de10c449670d706b630b5289cff33a3ce4747ae57c4bc6247da259e",
            "rendered": "[all:vars]\ndeployment_state = prod\nansible_python_interpreter  = /usr/bin/python3\nansible_user = root\nansible_ssh_private_key_file = ~/.ssh/id_rsa\nadmin_email = damianmmccarthy@protonmail.com\nnfs_domain = nfs.artace.io\nnfs_path = /data/nfs4\nnextcloud_domain = cloud.artace.io\nwordpress_domain = wiki.artace.io\n\n\n[master_nodes]\nsfo2-master-node-01 ansible_host=206.189.169.184\n\n\n[worker_nodes]\nsfo2-worker-node-01 ansible_host=167.172.119.63\n\n[nfs_nodes]\nsfo2-nfs-node-01 ansible_host=206.189.169.205\n\n[nodes]\nsfo2-master-node-01 ansible_host=206.189.169.184\nsfo2-worker-node-01 ansible_host=167.172.119.63\nsfo2-nfs-node-01 ansible_host=206.189.169.205",
            "template": "[all:vars]\ndeployment_state = ${deployment_state}\nansible_python_interpreter  = /usr/bin/python3\nansible_user = ${ssh_user}\nansible_ssh_private_key_file = ${ssh_key}\nadmin_email = ${admin_email}\nnfs_domain = ${nfs_domain}\nnfs_path = ${nfs_path}\nnextcloud_domain = ${nextcloud_domain}\nwordpress_domain = ${wordpress_domain}\n\n\n[master_nodes]\n${master_nodes}\n\n\n[worker_nodes]\n${worker_nodes}\n\n[nfs_nodes]\n${nfs_nodes}\n\n[nodes]\n${master_nodes}\n${worker_nodes}\n${nfs_nodes}",
            "vars": {
              "admin_email": "damianmmccarthy@protonmail.com",
              "deployment_state": "prod",
              "master_nodes": "sfo2-master-node-01 ansible_host=206.189.169.184",
              "nextcloud_domain": "cloud.artace.io",
              "nfs_domain": "nfs.artace.io",
              "nfs_nodes": "sfo2-nfs-node-01 ansible_host=206.189.169.205",
              "nfs_path": "/data/nfs4",
              "ssh_key": "~/.ssh/id_rsa",
              "ssh_user": "root",
              "wordpress_domain": "wiki.artace.io",
              "worker_nodes": "sfo2-worker-node-01 ansible_host=167.172.119.63"
            }
          }
        }
      ]
    },
    {
      "mode": "managed",
      "type": "digitalocean_domain",
      "name": "domains",
      "each": "list",
      "provider": "provider.digitalocean",
      "instances": [
        {
          "index_key": 0,
          "schema_version": 0,
          "attributes": {
            "id": "cloud.artace.io",
            "ip_address": "159.89.220.61",
            "name": "cloud.artace.io",
            "urn": "do:domain:cloud.artace.io"
          },
          "private": "bnVsbA==",
          "dependencies": [
            "digitalocean_droplet.master",
            "digitalocean_droplet.worker",
            "digitalocean_loadbalancer.public"
          ]
        },
        {
          "index_key": 1,
          "schema_version": 0,
          "attributes": {
            "id": "wiki.artace.io",
            "ip_address": "159.89.220.61",
            "name": "wiki.artace.io",
            "urn": "do:domain:wiki.artace.io"
          },
          "private": "bnVsbA==",
          "dependencies": [
            "digitalocean_droplet.master",
            "digitalocean_droplet.worker",
            "digitalocean_loadbalancer.public"
          ]
        },
        {
          "index_key": 2,
          "schema_version": 0,
          "attributes": {
            "id": "artace.io",
            "ip_address": "159.89.220.61",
            "name": "artace.io",
            "urn": "do:domain:artace.io"
          },
          "private": "bnVsbA==",
          "dependencies": [
            "digitalocean_droplet.master",
            "digitalocean_droplet.worker",
            "digitalocean_loadbalancer.public"
          ]
        }
      ]
    },
    {
      "module": "module.nfs",
      "mode": "managed",
      "type": "digitalocean_domain",
      "name": "nfs_domain",
      "provider": "module.nfs.provider.digitalocean",
      "instances": [
        {
          "schema_version": 0,
          "attributes": {
            "id": "nfs.artace.io",
            "ip_address": "206.189.169.205",
            "name": "nfs.artace.io",
            "urn": "do:domain:nfs.artace.io"
          },
          "private": "bnVsbA==",
          "dependencies": [
            "module.nfs.digitalocean_droplet.nfs"
          ]
        }
      ]
    },
    {
      "mode": "managed",
      "type": "digitalocean_droplet",
      "name": "master",
      "each": "list",
      "provider": "provider.digitalocean",
      "instances": [
        {
          "index_key": 0,
          "schema_version": 1,
          "attributes": {
            "backups": false,
            "created_at": "2020-05-27T22:06:00Z",
            "disk": 60,
            "id": "193896605",
            "image": "fedora-30-x64",
            "ipv4_address": "206.189.169.184",
            "ipv4_address_private": "",
            "ipv6": false,
            "ipv6_address": "",
            "ipv6_address_private": null,
            "locked": false,
            "memory": 2048,
            "monitoring": false,
            "name": "sfo2-master-node-01",
            "price_hourly": 0.02232,
            "price_monthly": 15,
            "private_networking": false,
            "region": "sfo2",
            "resize_disk": true,
            "size": "s-2vcpu-2gb",
            "ssh_keys": [
              "26681624"
            ],
            "status": "active",
            "tags": [
              "fedora-30-x64",
              "k8s",
              "master"
            ],
            "urn": "do:droplet:193896605",
            "user_data": null,
            "vcpus": 2,
            "volume_ids": [],
            "vpc_uuid": ""
          },
          "private": "eyJzY2hlbWFfdmVyc2lvbiI6IjEifQ=="
        }
      ]
    },
    {
      "module": "module.nfs",
      "mode": "managed",
      "type": "digitalocean_droplet",
      "name": "nfs",
      "each": "list",
      "provider": "module.nfs.provider.digitalocean",
      "instances": [
        {
          "index_key": 0,
          "schema_version": 1,
          "attributes": {
            "backups": false,
            "created_at": "2020-05-27T22:06:00Z",
            "disk": 80,
            "id": "193896604",
            "image": "fedora-30-x64",
            "ipv4_address": "206.189.169.205",
            "ipv4_address_private": "",
            "ipv6": false,
            "ipv6_address": "",
            "ipv6_address_private": null,
            "locked": false,
            "memory": 4096,
            "monitoring": false,
            "name": "sfo2-nfs-node-01",
            "price_hourly": 0.02976,
            "price_monthly": 20,
            "private_networking": false,
            "region": "sfo2",
            "resize_disk": true,
            "size": "s-2vcpu-4gb",
            "ssh_keys": [
              "26681624"
            ],
            "status": "active",
            "tags": [
              "fedora-30-x64",
              "nfs"
            ],
            "urn": "do:droplet:193896604",
            "user_data": null,
            "vcpus": 2,
            "volume_ids": [
              "462d1c35-7372-11ea-9c7b-0a58ac1422d3"
            ],
            "vpc_uuid": ""
          },
          "private": "eyJzY2hlbWFfdmVyc2lvbiI6IjEifQ=="
        }
      ]
    },
    {
      "mode": "managed",
      "type": "digitalocean_droplet",
      "name": "worker",
      "each": "list",
      "provider": "provider.digitalocean",
      "instances": [
        {
          "index_key": 0,
          "schema_version": 1,
          "attributes": {
            "backups": false,
            "created_at": "2020-05-27T22:06:00Z",
            "disk": 80,
            "id": "193896606",
            "image": "fedora-30-x64",
            "ipv4_address": "167.172.119.63",
            "ipv4_address_private": "",
            "ipv6": false,
            "ipv6_address": "",
            "ipv6_address_private": null,
            "locked": false,
            "memory": 4096,
            "monitoring": false,
            "name": "sfo2-worker-node-01",
            "price_hourly": 0.02976,
            "price_monthly": 20,
            "private_networking": false,
            "region": "sfo2",
            "resize_disk": true,
            "size": "s-2vcpu-4gb",
            "ssh_keys": [
              "26681624"
            ],
            "status": "active",
            "tags": [
              "fedora-30-x64",
              "k8s",
              "worker"
            ],
            "urn": "do:droplet:193896606",
            "user_data": null,
            "vcpus": 2,
            "volume_ids": [],
            "vpc_uuid": ""
          },
          "private": "eyJzY2hlbWFfdmVyc2lvbiI6IjEifQ=="
        }
      ]
    },
    {
      "mode": "managed",
      "type": "digitalocean_loadbalancer",
      "name": "public",
      "provider": "provider.digitalocean",
      "instances": [
        {
          "schema_version": 0,
          "attributes": {
            "algorithm": "round_robin",
            "droplet_ids": [
              193896606
            ],
            "droplet_tag": "",
            "enable_proxy_protocol": false,
            "forwarding_rule": [
              {
                "certificate_id": "",
                "entry_port": 443,
                "entry_protocol": "https",
                "target_port": 30443,
                "target_protocol": "https",
                "tls_passthrough": true
              },
              {
                "certificate_id": "",
                "entry_port": 80,
                "entry_protocol": "http",
                "target_port": 30080,
                "target_protocol": "http",
                "tls_passthrough": false
              }
            ],
            "healthcheck": [
              {
                "check_interval_seconds": 10,
                "healthy_threshold": 5,
                "path": "/healthz",
                "port": 30080,
                "protocol": "http",
                "response_timeout_seconds": 5,
                "unhealthy_threshold": 3
              }
            ],
            "id": "dc350747-66b7-4074-91a0-3192f4761a56",
            "ip": "159.89.220.61",
            "name": "sfo2-loadbalancer-01",
            "redirect_http_to_https": false,
            "region": "sfo2",
            "status": "active",
            "sticky_sessions": [
              {
                "cookie_name": "",
                "cookie_ttl_seconds": 0,
                "type": "none"
              }
            ],
            "urn": "do:loadbalancer:dc350747-66b7-4074-91a0-3192f4761a56",
            "vpc_uuid": "5560a770-dc85-11e8-9f23-3cfdfea9fff1"
          },
          "private": "bnVsbA==",
          "dependencies": [
            "digitalocean_droplet.master",
            "digitalocean_droplet.worker"
          ]
        }
      ]
    },
    {
      "module": "module.nfs",
      "mode": "managed",
      "type": "digitalocean_volume_attachment",
      "name": "nfs-volume-sfo2-01",
      "provider": "module.nfs.provider.digitalocean",
      "instances": [
        {
          "schema_version": 0,
          "attributes": {
            "droplet_id": 193896604,
            "id": "193896604-462d1c35-7372-11ea-9c7b-0a58ac1422d3-20200527220644677800000001",
            "volume_id": "462d1c35-7372-11ea-9c7b-0a58ac1422d3"
          },
          "private": "bnVsbA==",
          "dependencies": [
            "module.nfs.digitalocean_droplet.nfs"
          ]
        }
      ]
    },
    {
      "mode": "managed",
      "type": "null_resource",
      "name": "ansible_configuration",
      "provider": "provider.null",
      "instances": [
        {
          "schema_version": 0,
          "attributes": {
            "id": "6672044394710148616",
            "triggers": {
              "template_rendered": "[all:vars]\ndeployment_state = prod\nansible_python_interpreter  = /usr/bin/python3\nansible_user = root\nansible_ssh_private_key_file = ~/.ssh/id_rsa\nadmin_email = damianmmccarthy@protonmail.com\nnfs_domain = nfs.artace.io\nnfs_path = /data/nfs4\nnextcloud_domain = cloud.artace.io\nwordpress_domain = wiki.artace.io\n\n\n[master_nodes]\nsfo2-master-node-01 ansible_host=206.189.169.184\n\n\n[worker_nodes]\nsfo2-worker-node-01 ansible_host=167.172.119.63\n\n[nfs_nodes]\nsfo2-nfs-node-01 ansible_host=206.189.169.205\n\n[nodes]\nsfo2-master-node-01 ansible_host=206.189.169.184\nsfo2-worker-node-01 ansible_host=167.172.119.63\nsfo2-nfs-node-01 ansible_host=206.189.169.205"
            }
          },
          "private": "bnVsbA==",
          "dependencies": [
            "digitalocean_droplet.master",
            "digitalocean_droplet.worker",
            "module.nfs.digitalocean_domain.nfs_domain",
            "module.nfs.digitalocean_droplet.nfs",
            "module.nfs.digitalocean_volume_attachment.nfs-volume-sfo2-01"
          ]
        }
      ]
    }
  ]
}
